
Microsoft Visual Studio Solution File, Format Version 12.00
# Visual Studio Version 17
VisualStudioVersion = 17.0.31903.59
MinimumVisualStudioVersion = 10.0.40219.1
Project("{FAE04EC0-301F-11D3-BF4B-00C04F79EFBC}") = "MigracionAspelCOIVersion8AVersion9", "MigracionAspelCOIVersion8AVersion9\MigracionAspelCOIVersion8AVersion9.csproj", "{3092B87A-BD42-4154-A780-737CE3AACC07}"
EndProject
Global
	GlobalSection(SolutionConfigurationPlatforms) = preSolution
		Debug|Any CPU = Debug|Any CPU
		Release|Any CPU = Release|Any CPU
	EndGlobalSection
	GlobalSection(ProjectConfigurationPlatforms) = postSolution
		{3092B87A-BD42-4154-A780-737CE3AACC07}.Debug|Any CPU.ActiveCfg = Debug|Any CPU
		{3092B87A-BD42-4154-A780-737CE3AACC07}.Debug|Any CPU.Build.0 = Debug|Any CPU
		{3092B87A-BD42-4154-A780-737CE3AACC07}.Release|Any CPU.ActiveCfg = Release|Any CPU
		{3092B87A-BD42-4154-A780-737CE3AACC07}.Release|Any CPU.Build.0 = Release|Any CPU
	EndGlobalSection
	GlobalSection(SolutionProperties) = preSolution
		HideSolutionNode = FALSE
	EndGlobalSection
	GlobalSection(ExtensibilityGlobals) = postSolution
		SolutionGuid = {8EC3CFCF-06CD-4AF3-84B7-F38D89C056A4}
	EndGlobalSection
EndGlobal
